
Microsoft Visual Studio Solution File, Format Version 12.00
# Visual Studio 2013
VisualStudioVersion = 12.0.30110.0
MinimumVisualStudioVersion = 10.0.40219.1
Project("{FAE04EC0-301F-11D3-BF4B-00C04F79EFBC}") = "DelegateTest", "DelegateTest\DelegateTest.csproj", "{A2F522B3-18D9-422B-A6DF-CC0A0F103CB1}"
EndProject
Project("{FAE04EC0-301F-11D3-BF4B-00C04F79EFBC}") = "GenericTest", "GenericTest\GenericTest.csproj", "{903DA38C-BE98-43EE-B33D-430E395E928B}"
EndProject
Project("{FAE04EC0-301F-11D3-BF4B-00C04F79EFBC}") = "LayoutTest", "LayoutTest\LayoutTest.csproj", "{C13BE22E-091A-4796-815C-16A38C57D167}"
EndProject
Project("{FAE04EC0-301F-11D3-BF4B-00C04F79EFBC}") = "CounterTest", "CounterTest\CounterTest.csproj", "{9E622BA2-68D4-43CB-AF8B-F7C0C18DA68A}"
EndProject
Project("{FAE04EC0-301F-11D3-BF4B-00C04F79EFBC}") = "OdbcTest", "OdbcTest\OdbcTest.csproj", "{5E9B5957-0756-4174-A2C5-49F16BCE2A7A}"
EndProject
Project("{FAE04EC0-301F-11D3-BF4B-00C04F79EFBC}") = "CryptoTest", "CryptoTest\CryptoTest.csproj", "{77B54C4A-DA27-4BD1-8B73-A40990923F39}"
EndProject
Project("{FAE04EC0-301F-11D3-BF4B-00C04F79EFBC}") = "SqlDomTest", "SqlDomTest\SqlDomTest.csproj", "{4ED4C7F8-96FB-42C3-B647-D60235862223}"
EndProject
Project("{FAE04EC0-301F-11D3-BF4B-00C04F79EFBC}") = "SqlTest", "SqlTest\SqlTest.csproj", "{901DCD8B-2139-4FBD-89D5-84F3256B2638}"
EndProject
Project("{FAE04EC0-301F-11D3-BF4B-00C04F79EFBC}") = "XmlTest", "XmlTest\XmlTest.csproj", "{4055D7C9-A993-41AD-B429-5DC5C6C1650E}"
EndProject
Project("{FAE04EC0-301F-11D3-BF4B-00C04F79EFBC}") = "LdapTest", "LdapTest\LdapTest.csproj", "{E6DA8AB8-38E2-47EA-B2DC-744E39A98DAB}"
EndProject
Project("{FAE04EC0-301F-11D3-BF4B-00C04F79EFBC}") = "AsyncTest", "AsyncTest\AsyncTest.csproj", "{52748D66-F639-49C3-BE3F-0FB090FA93B6}"
EndProject
Project("{FAE04EC0-301F-11D3-BF4B-00C04F79EFBC}") = "LinqTest", "LinqTest\LinqTest.csproj", "{A4CF74E9-E3EE-469B-82E6-092BDFF49A96}"
EndProject
Project("{FAE04EC0-301F-11D3-BF4B-00C04F79EFBC}") = "SecurityTest", "SecurityTest\SecurityTest.csproj", "{69845803-9555-415E-9FA8-602DE810AA56}"
EndProject
Project("{FAE04EC0-301F-11D3-BF4B-00C04F79EFBC}") = "IoTest", "IoTest\IoTest.csproj", "{E66FF9D4-E55C-42D6-9958-A92BE58A51E7}"
EndProject
Project("{FAE04EC0-301F-11D3-BF4B-00C04F79EFBC}") = "StringTest", "StringTest\StringTest.csproj", "{2996CC62-9852-4081-9714-78E950EA531C}"
EndProject
Project("{FAE04EC0-301F-11D3-BF4B-00C04F79EFBC}") = "ExpressionTest", "ExpressionTest\ExpressionTest.csproj", "{3247630F-7ED9-4811-934C-9D52B87444AD}"
EndProject
Project("{FAE04EC0-301F-11D3-BF4B-00C04F79EFBC}") = "SigningTest", "SigningTest\SigningTest.csproj", "{E414513A-E77A-48E5-8850-0BEB60A6FB64}"
EndProject
Project("{FAE04EC0-301F-11D3-BF4B-00C04F79EFBC}") = "WpfTest", "WpfTest\WpfTest.csproj", "{5F854376-0F74-43C6-A9E2-8EABF1165445}"
EndProject
Project("{FAE04EC0-301F-11D3-BF4B-00C04F79EFBC}") = "ReflectionTest", "ReflectionTest\ReflectionTest.csproj", "{C7F21348-BA41-4190-92CE-8FDBA7FE4B83}"
EndProject
Project("{FAE04EC0-301F-11D3-BF4B-00C04F79EFBC}") = "EncodingTest", "EncodingTest\EncodingTest.csproj", "{1E5C7C54-3CFA-435E-A759-FDEF52EF5EFF}"
EndProject
Project("{FAE04EC0-301F-11D3-BF4B-00C04F79EFBC}") = "PrintingTest", "PrintingTest\PrintingTest.csproj", "{04CD1CA1-EC99-4887-8345-CE58B20B659C}"
EndProject
Project("{FAE04EC0-301F-11D3-BF4B-00C04F79EFBC}") = "TypographyTest", "TypographyTest\TypographyTest.csproj", "{07708DFD-71B4-4F7A-A1A8-8F9630E9FC71}"
EndProject
Project("{FAE04EC0-301F-11D3-BF4B-00C04F79EFBC}") = "ProfilingTest", "ProfilingTest\ProfilingTest.csproj", "{C3612C7B-5EEF-4E39-9FB7-368BA1470064}"
EndProject
Project("{FAE04EC0-301F-11D3-BF4B-00C04F79EFBC}") = "SmtpTest", "SmtpTest\SmtpTest.csproj", "{1AF3A4C3-35F7-4BD0-B78C-BA6FA3DCBCF5}"
EndProject
Project("{FAE04EC0-301F-11D3-BF4B-00C04F79EFBC}") = "EventTest", "EventTest\EventTest.csproj", "{3828E620-D4ED-450F-A3C6-A603B7CA4888}"
EndProject
Project("{FAE04EC0-301F-11D3-BF4B-00C04F79EFBC}") = "Win8Test", "Win8Test\Win8Test.csproj", "{DB554553-9E39-4BEA-A55D-5C7C30899BA0}"
EndProject
Project("{FAE04EC0-301F-11D3-BF4B-00C04F79EFBC}") = "HashTest", "HashTest\HashTest.csproj", "{C1471B85-E4BE-405A-897C-34D5FF6E717A}"
EndProject
Project("{FAE04EC0-301F-11D3-BF4B-00C04F79EFBC}") = "CollectionTest", "CollectionTest\CollectionTest.csproj", "{CD0AC404-684D-4361-B896-8ECC90D6CFB2}"
EndProject
Project("{FAE04EC0-301F-11D3-BF4B-00C04F79EFBC}") = "SoapTest", "SoapTest\SoapTest.csproj", "{BA4F8E66-D541-4317-B6EB-E31F5AF6CCD6}"
EndProject
Global
	GlobalSection(SolutionConfigurationPlatforms) = preSolution
		Debug|Any CPU = Debug|Any CPU
		Release|Any CPU = Release|Any CPU
	EndGlobalSection
	GlobalSection(ProjectConfigurationPlatforms) = postSolution
		{A2F522B3-18D9-422B-A6DF-CC0A0F103CB1}.Debug|Any CPU.ActiveCfg = Debug|Any CPU
		{A2F522B3-18D9-422B-A6DF-CC0A0F103CB1}.Debug|Any CPU.Build.0 = Debug|Any CPU
		{A2F522B3-18D9-422B-A6DF-CC0A0F103CB1}.Release|Any CPU.ActiveCfg = Release|Any CPU
		{A2F522B3-18D9-422B-A6DF-CC0A0F103CB1}.Release|Any CPU.Build.0 = Release|Any CPU
		{903DA38C-BE98-43EE-B33D-430E395E928B}.Debug|Any CPU.ActiveCfg = Debug|Any CPU
		{903DA38C-BE98-43EE-B33D-430E395E928B}.Debug|Any CPU.Build.0 = Debug|Any CPU
		{903DA38C-BE98-43EE-B33D-430E395E928B}.Release|Any CPU.ActiveCfg = Release|Any CPU
		{903DA38C-BE98-43EE-B33D-430E395E928B}.Release|Any CPU.Build.0 = Release|Any CPU
		{C13BE22E-091A-4796-815C-16A38C57D167}.Debug|Any CPU.ActiveCfg = Debug|Any CPU
		{C13BE22E-091A-4796-815C-16A38C57D167}.Debug|Any CPU.Build.0 = Debug|Any CPU
		{C13BE22E-091A-4796-815C-16A38C57D167}.Release|Any CPU.ActiveCfg = Release|Any CPU
		{C13BE22E-091A-4796-815C-16A38C57D167}.Release|Any CPU.Build.0 = Release|Any CPU
		{9E622BA2-68D4-43CB-AF8B-F7C0C18DA68A}.Debug|Any CPU.ActiveCfg = Debug|Any CPU
		{9E622BA2-68D4-43CB-AF8B-F7C0C18DA68A}.Debug|Any CPU.Build.0 = Debug|Any CPU
		{9E622BA2-68D4-43CB-AF8B-F7C0C18DA68A}.Release|Any CPU.ActiveCfg = Release|Any CPU
		{9E622BA2-68D4-43CB-AF8B-F7C0C18DA68A}.Release|Any CPU.Build.0 = Release|Any CPU
		{5E9B5957-0756-4174-A2C5-49F16BCE2A7A}.Debug|Any CPU.ActiveCfg = Debug|Any CPU
		{5E9B5957-0756-4174-A2C5-49F16BCE2A7A}.Debug|Any CPU.Build.0 = Debug|Any CPU
		{5E9B5957-0756-4174-A2C5-49F16BCE2A7A}.Release|Any CPU.ActiveCfg = Release|Any CPU
		{5E9B5957-0756-4174-A2C5-49F16BCE2A7A}.Release|Any CPU.Build.0 = Release|Any CPU
		{77B54C4A-DA27-4BD1-8B73-A40990923F39}.Debug|Any CPU.ActiveCfg = Debug|Any CPU
		{77B54C4A-DA27-4BD1-8B73-A40990923F39}.Debug|Any CPU.Build.0 = Debug|Any CPU
		{77B54C4A-DA27-4BD1-8B73-A40990923F39}.Release|Any CPU.ActiveCfg = Release|Any CPU
		{77B54C4A-DA27-4BD1-8B73-A40990923F39}.Release|Any CPU.Build.0 = Release|Any CPU
		{4ED4C7F8-96FB-42C3-B647-D60235862223}.Debug|Any CPU.ActiveCfg = Debug|Any CPU
		{4ED4C7F8-96FB-42C3-B647-D60235862223}.Debug|Any CPU.Build.0 = Debug|Any CPU
		{4ED4C7F8-96FB-42C3-B647-D60235862223}.Release|Any CPU.ActiveCfg = Release|Any CPU
		{4ED4C7F8-96FB-42C3-B647-D60235862223}.Release|Any CPU.Build.0 = Release|Any CPU
		{901DCD8B-2139-4FBD-89D5-84F3256B2638}.Debug|Any CPU.ActiveCfg = Debug|Any CPU
		{901DCD8B-2139-4FBD-89D5-84F3256B2638}.Debug|Any CPU.Build.0 = Debug|Any CPU
		{901DCD8B-2139-4FBD-89D5-84F3256B2638}.Release|Any CPU.ActiveCfg = Release|Any CPU
		{901DCD8B-2139-4FBD-89D5-84F3256B2638}.Release|Any CPU.Build.0 = Release|Any CPU
		{4055D7C9-A993-41AD-B429-5DC5C6C1650E}.Debug|Any CPU.ActiveCfg = Debug|Any CPU
		{4055D7C9-A993-41AD-B429-5DC5C6C1650E}.Debug|Any CPU.Build.0 = Debug|Any CPU
		{4055D7C9-A993-41AD-B429-5DC5C6C1650E}.Release|Any CPU.ActiveCfg = Release|Any CPU
		{4055D7C9-A993-41AD-B429-5DC5C6C1650E}.Release|Any CPU.Build.0 = Release|Any CPU
		{E6DA8AB8-38E2-47EA-B2DC-744E39A98DAB}.Debug|Any CPU.ActiveCfg = Debug|Any CPU
		{E6DA8AB8-38E2-47EA-B2DC-744E39A98DAB}.Debug|Any CPU.Build.0 = Debug|Any CPU
		{E6DA8AB8-38E2-47EA-B2DC-744E39A98DAB}.Release|Any CPU.ActiveCfg = Release|Any CPU
		{E6DA8AB8-38E2-47EA-B2DC-744E39A98DAB}.Release|Any CPU.Build.0 = Release|Any CPU
		{52748D66-F639-49C3-BE3F-0FB090FA93B6}.Debug|Any CPU.ActiveCfg = Debug|Any CPU
		{52748D66-F639-49C3-BE3F-0FB090FA93B6}.Debug|Any CPU.Build.0 = Debug|Any CPU
		{52748D66-F639-49C3-BE3F-0FB090FA93B6}.Release|Any CPU.ActiveCfg = Release|Any CPU
		{52748D66-F639-49C3-BE3F-0FB090FA93B6}.Release|Any CPU.Build.0 = Release|Any CPU
		{A4CF74E9-E3EE-469B-82E6-092BDFF49A96}.Debug|Any CPU.ActiveCfg = Debug|Any CPU
		{A4CF74E9-E3EE-469B-82E6-092BDFF49A96}.Debug|Any CPU.Build.0 = Debug|Any CPU
		{A4CF74E9-E3EE-469B-82E6-092BDFF49A96}.Release|Any CPU.ActiveCfg = Release|Any CPU
		{A4CF74E9-E3EE-469B-82E6-092BDFF49A96}.Release|Any CPU.Build.0 = Release|Any CPU
		{69845803-9555-415E-9FA8-602DE810AA56}.Debug|Any CPU.ActiveCfg = Debug|Any CPU
		{69845803-9555-415E-9FA8-602DE810AA56}.Debug|Any CPU.Build.0 = Debug|Any CPU
		{69845803-9555-415E-9FA8-602DE810AA56}.Release|Any CPU.ActiveCfg = Release|Any CPU
		{69845803-9555-415E-9FA8-602DE810AA56}.Release|Any CPU.Build.0 = Release|Any CPU
		{E66FF9D4-E55C-42D6-9958-A92BE58A51E7}.Debug|Any CPU.ActiveCfg = Debug|Any CPU
		{E66FF9D4-E55C-42D6-9958-A92BE58A51E7}.Debug|Any CPU.Build.0 = Debug|Any CPU
		{E66FF9D4-E55C-42D6-9958-A92BE58A51E7}.Release|Any CPU.ActiveCfg = Release|Any CPU
		{E66FF9D4-E55C-42D6-9958-A92BE58A51E7}.Release|Any CPU.Build.0 = Release|Any CPU
		{2996CC62-9852-4081-9714-78E950EA531C}.Debug|Any CPU.ActiveCfg = Debug|Any CPU
		{2996CC62-9852-4081-9714-78E950EA531C}.Debug|Any CPU.Build.0 = Debug|Any CPU
		{2996CC62-9852-4081-9714-78E950EA531C}.Release|Any CPU.ActiveCfg = Release|Any CPU
		{2996CC62-9852-4081-9714-78E950EA531C}.Release|Any CPU.Build.0 = Release|Any CPU
		{3247630F-7ED9-4811-934C-9D52B87444AD}.Debug|Any CPU.ActiveCfg = Debug|Any CPU
		{3247630F-7ED9-4811-934C-9D52B87444AD}.Debug|Any CPU.Build.0 = Debug|Any CPU
		{3247630F-7ED9-4811-934C-9D52B87444AD}.Release|Any CPU.ActiveCfg = Release|Any CPU
		{3247630F-7ED9-4811-934C-9D52B87444AD}.Release|Any CPU.Build.0 = Release|Any CPU
		{E414513A-E77A-48E5-8850-0BEB60A6FB64}.Debug|Any CPU.ActiveCfg = Debug|Any CPU
		{E414513A-E77A-48E5-8850-0BEB60A6FB64}.Debug|Any CPU.Build.0 = Debug|Any CPU
		{E414513A-E77A-48E5-8850-0BEB60A6FB64}.Release|Any CPU.ActiveCfg = Release|Any CPU
		{E414513A-E77A-48E5-8850-0BEB60A6FB64}.Release|Any CPU.Build.0 = Release|Any CPU
		{5F854376-0F74-43C6-A9E2-8EABF1165445}.Debug|Any CPU.ActiveCfg = Debug|Any CPU
		{5F854376-0F74-43C6-A9E2-8EABF1165445}.Debug|Any CPU.Build.0 = Debug|Any CPU
		{5F854376-0F74-43C6-A9E2-8EABF1165445}.Release|Any CPU.ActiveCfg = Release|Any CPU
		{5F854376-0F74-43C6-A9E2-8EABF1165445}.Release|Any CPU.Build.0 = Release|Any CPU
		{C7F21348-BA41-4190-92CE-8FDBA7FE4B83}.Debug|Any CPU.ActiveCfg = Debug|Any CPU
		{C7F21348-BA41-4190-92CE-8FDBA7FE4B83}.Debug|Any CPU.Build.0 = Debug|Any CPU
		{C7F21348-BA41-4190-92CE-8FDBA7FE4B83}.Release|Any CPU.ActiveCfg = Release|Any CPU
		{C7F21348-BA41-4190-92CE-8FDBA7FE4B83}.Release|Any CPU.Build.0 = Release|Any CPU
		{1E5C7C54-3CFA-435E-A759-FDEF52EF5EFF}.Debug|Any CPU.ActiveCfg = Debug|Any CPU
		{1E5C7C54-3CFA-435E-A759-FDEF52EF5EFF}.Debug|Any CPU.Build.0 = Debug|Any CPU
		{1E5C7C54-3CFA-435E-A759-FDEF52EF5EFF}.Release|Any CPU.ActiveCfg = Release|Any CPU
		{1E5C7C54-3CFA-435E-A759-FDEF52EF5EFF}.Release|Any CPU.Build.0 = Release|Any CPU
		{04CD1CA1-EC99-4887-8345-CE58B20B659C}.Debug|Any CPU.ActiveCfg = Debug|Any CPU
		{04CD1CA1-EC99-4887-8345-CE58B20B659C}.Debug|Any CPU.Build.0 = Debug|Any CPU
		{04CD1CA1-EC99-4887-8345-CE58B20B659C}.Release|Any CPU.ActiveCfg = Release|Any CPU
		{04CD1CA1-EC99-4887-8345-CE58B20B659C}.Release|Any CPU.Build.0 = Release|Any CPU
		{07708DFD-71B4-4F7A-A1A8-8F9630E9FC71}.Debug|Any CPU.ActiveCfg = Debug|Any CPU
		{07708DFD-71B4-4F7A-A1A8-8F9630E9FC71}.Debug|Any CPU.Build.0 = Debug|Any CPU
		{07708DFD-71B4-4F7A-A1A8-8F9630E9FC71}.Release|Any CPU.ActiveCfg = Release|Any CPU
		{07708DFD-71B4-4F7A-A1A8-8F9630E9FC71}.Release|Any CPU.Build.0 = Release|Any CPU
		{C3612C7B-5EEF-4E39-9FB7-368BA1470064}.Debug|Any CPU.ActiveCfg = Debug|Any CPU
		{C3612C7B-5EEF-4E39-9FB7-368BA1470064}.Debug|Any CPU.Build.0 = Debug|Any CPU
		{C3612C7B-5EEF-4E39-9FB7-368BA1470064}.Release|Any CPU.ActiveCfg = Release|Any CPU
		{C3612C7B-5EEF-4E39-9FB7-368BA1470064}.Release|Any CPU.Build.0 = Release|Any CPU
		{1AF3A4C3-35F7-4BD0-B78C-BA6FA3DCBCF5}.Debug|Any CPU.ActiveCfg = Debug|Any CPU
		{1AF3A4C3-35F7-4BD0-B78C-BA6FA3DCBCF5}.Debug|Any CPU.Build.0 = Debug|Any CPU
		{1AF3A4C3-35F7-4BD0-B78C-BA6FA3DCBCF5}.Release|Any CPU.ActiveCfg = Release|Any CPU
		{1AF3A4C3-35F7-4BD0-B78C-BA6FA3DCBCF5}.Release|Any CPU.Build.0 = Release|Any CPU
		{3828E620-D4ED-450F-A3C6-A603B7CA4888}.Debug|Any CPU.ActiveCfg = Debug|Any CPU
		{3828E620-D4ED-450F-A3C6-A603B7CA4888}.Debug|Any CPU.Build.0 = Debug|Any CPU
		{3828E620-D4ED-450F-A3C6-A603B7CA4888}.Release|Any CPU.ActiveCfg = Release|Any CPU
		{3828E620-D4ED-450F-A3C6-A603B7CA4888}.Release|Any CPU.Build.0 = Release|Any CPU
		{DB554553-9E39-4BEA-A55D-5C7C30899BA0}.Debug|Any CPU.ActiveCfg = Debug|Any CPU
		{DB554553-9E39-4BEA-A55D-5C7C30899BA0}.Debug|Any CPU.Build.0 = Debug|Any CPU
		{DB554553-9E39-4BEA-A55D-5C7C30899BA0}.Release|Any CPU.ActiveCfg = Release|Any CPU
		{DB554553-9E39-4BEA-A55D-5C7C30899BA0}.Release|Any CPU.Build.0 = Release|Any CPU
		{C1471B85-E4BE-405A-897C-34D5FF6E717A}.Debug|Any CPU.ActiveCfg = Debug|Any CPU
		{C1471B85-E4BE-405A-897C-34D5FF6E717A}.Debug|Any CPU.Build.0 = Debug|Any CPU
		{C1471B85-E4BE-405A-897C-34D5FF6E717A}.Release|Any CPU.ActiveCfg = Release|Any CPU
		{C1471B85-E4BE-405A-897C-34D5FF6E717A}.Release|Any CPU.Build.0 = Release|Any CPU
		{CD0AC404-684D-4361-B896-8ECC90D6CFB2}.Debug|Any CPU.ActiveCfg = Debug|Any CPU
		{CD0AC404-684D-4361-B896-8ECC90D6CFB2}.Debug|Any CPU.Build.0 = Debug|Any CPU
		{CD0AC404-684D-4361-B896-8ECC90D6CFB2}.Release|Any CPU.ActiveCfg = Release|Any CPU
		{CD0AC404-684D-4361-B896-8ECC90D6CFB2}.Release|Any CPU.Build.0 = Release|Any CPU
		{BA4F8E66-D541-4317-B6EB-E31F5AF6CCD6}.Debug|Any CPU.ActiveCfg = Debug|Any CPU
		{BA4F8E66-D541-4317-B6EB-E31F5AF6CCD6}.Debug|Any CPU.Build.0 = Debug|Any CPU
		{BA4F8E66-D541-4317-B6EB-E31F5AF6CCD6}.Release|Any CPU.ActiveCfg = Release|Any CPU
		{BA4F8E66-D541-4317-B6EB-E31F5AF6CCD6}.Release|Any CPU.Build.0 = Release|Any CPU
	EndGlobalSection
	GlobalSection(SolutionProperties) = preSolution
		HideSolutionNode = FALSE
	EndGlobalSection
EndGlobal
