
Microsoft Visual Studio Solution File, Format Version 12.00
# Visual Studio 14
VisualStudioVersion = 14.0.24720.0
MinimumVisualStudioVersion = 10.0.40219.1
Project("{FAE04EC0-301F-11D3-BF4B-00C04F79EFBC}") = "DelegateTest", "DelegateTest\DelegateTest.csproj", "{A2F522B3-18D9-422B-A6DF-CC0A0F103CB1}"
EndProject
Project("{FAE04EC0-301F-11D3-BF4B-00C04F79EFBC}") = "OdbcTest", "OdbcTest\OdbcTest.csproj", "{5E9B5957-0756-4174-A2C5-49F16BCE2A7A}"
EndProject
Project("{FAE04EC0-301F-11D3-BF4B-00C04F79EFBC}") = "CryptoTest", "CryptoTest\CryptoTest.csproj", "{77B54C4A-DA27-4BD1-8B73-A40990923F39}"
EndProject
Project("{FAE04EC0-301F-11D3-BF4B-00C04F79EFBC}") = "SqlDomTest", "SqlDomTest\SqlDomTest.csproj", "{4ED4C7F8-96FB-42C3-B647-D60235862223}"
EndProject
Project("{FAE04EC0-301F-11D3-BF4B-00C04F79EFBC}") = "SqlTest", "SqlTest\SqlTest.csproj", "{901DCD8B-2139-4FBD-89D5-84F3256B2638}"
EndProject
Project("{FAE04EC0-301F-11D3-BF4B-00C04F79EFBC}") = "XmlTest", "XmlTest\XmlTest.csproj", "{4055D7C9-A993-41AD-B429-5DC5C6C1650E}"
EndProject
Project("{FAE04EC0-301F-11D3-BF4B-00C04F79EFBC}") = "LdapTest", "LdapTest\LdapTest.csproj", "{E6DA8AB8-38E2-47EA-B2DC-744E39A98DAB}"
EndProject
Project("{FAE04EC0-301F-11D3-BF4B-00C04F79EFBC}") = "AsyncTest", "AsyncTest\AsyncTest.csproj", "{52748D66-F639-49C3-BE3F-0FB090FA93B6}"
EndProject
Project("{FAE04EC0-301F-11D3-BF4B-00C04F79EFBC}") = "SigningTest", "SigningTest\SigningTest.csproj", "{E414513A-E77A-48E5-8850-0BEB60A6FB64}"
EndProject
Project("{FAE04EC0-301F-11D3-BF4B-00C04F79EFBC}") = "ReflectionTest", "ReflectionTest\ReflectionTest.csproj", "{C7F21348-BA41-4190-92CE-8FDBA7FE4B83}"
EndProject
Project("{FAE04EC0-301F-11D3-BF4B-00C04F79EFBC}") = "PrintingTest", "PrintingTest\PrintingTest.csproj", "{04CD1CA1-EC99-4887-8345-CE58B20B659C}"
EndProject
Project("{FAE04EC0-301F-11D3-BF4B-00C04F79EFBC}") = "TypographyTest", "TypographyTest\TypographyTest.csproj", "{07708DFD-71B4-4F7A-A1A8-8F9630E9FC71}"
EndProject
Project("{FAE04EC0-301F-11D3-BF4B-00C04F79EFBC}") = "SocketTest", "SocketTest\SocketTest.csproj", "{35BDAE14-5E01-46F9-8D73-888859AE7A7C}"
EndProject
Project("{FAE04EC0-301F-11D3-BF4B-00C04F79EFBC}") = "TaskTest", "TaskTest\TaskTest.csproj", "{91EF3A85-E2D1-4C5E-BBE8-D81F4D29B54C}"
EndProject
Project("{FAE04EC0-301F-11D3-BF4B-00C04F79EFBC}") = "JsonTest", "JsonTest\JsonTest.csproj", "{87AF8859-F385-4284-847B-1EDD80EA19F1}"
EndProject
Project("{FAE04EC0-301F-11D3-BF4B-00C04F79EFBC}") = "RxTest", "RxTest\RxTest.csproj", "{FB19D973-C006-4832-9354-C7C24DDBD833}"
EndProject
Project("{FAE04EC0-301F-11D3-BF4B-00C04F79EFBC}") = "CngTest", "CngTest\CngTest.csproj", "{636D392A-CF76-4A3B-B748-24A73B0AF7FE}"
EndProject
Project("{FAE04EC0-301F-11D3-BF4B-00C04F79EFBC}") = "CaptureTest", "CaptureTest\CaptureTest.csproj", "{B38E0E77-E0A0-4446-9A65-19B21D26FFF9}"
EndProject
Global
	GlobalSection(SolutionConfigurationPlatforms) = preSolution
		Debug|Any CPU = Debug|Any CPU
		Debug|Mixed Platforms = Debug|Mixed Platforms
		Debug|Win32 = Debug|Win32
		Debug|x64 = Debug|x64
		Debug|x86 = Debug|x86
		Platform (Debug)|Any CPU = Platform (Debug)|Any CPU
		Platform (Debug)|Mixed Platforms = Platform (Debug)|Mixed Platforms
		Platform (Debug)|Win32 = Platform (Debug)|Win32
		Platform (Debug)|x64 = Platform (Debug)|x64
		Platform (Debug)|x86 = Platform (Debug)|x86
		Release|Any CPU = Release|Any CPU
		Release|Mixed Platforms = Release|Mixed Platforms
		Release|Win32 = Release|Win32
		Release|x64 = Release|x64
		Release|x86 = Release|x86
	EndGlobalSection
	GlobalSection(ProjectConfigurationPlatforms) = postSolution
		{A2F522B3-18D9-422B-A6DF-CC0A0F103CB1}.Debug|Any CPU.ActiveCfg = Debug|Any CPU
		{A2F522B3-18D9-422B-A6DF-CC0A0F103CB1}.Debug|Any CPU.Build.0 = Debug|Any CPU
		{A2F522B3-18D9-422B-A6DF-CC0A0F103CB1}.Debug|Mixed Platforms.ActiveCfg = Debug|Any CPU
		{A2F522B3-18D9-422B-A6DF-CC0A0F103CB1}.Debug|Win32.ActiveCfg = Debug|Any CPU
		{A2F522B3-18D9-422B-A6DF-CC0A0F103CB1}.Debug|x64.ActiveCfg = Debug|Any CPU
		{A2F522B3-18D9-422B-A6DF-CC0A0F103CB1}.Debug|x86.ActiveCfg = Debug|Any CPU
		{A2F522B3-18D9-422B-A6DF-CC0A0F103CB1}.Platform (Debug)|Any CPU.ActiveCfg = Debug|Any CPU
		{A2F522B3-18D9-422B-A6DF-CC0A0F103CB1}.Platform (Debug)|Mixed Platforms.ActiveCfg = Debug|Any CPU
		{A2F522B3-18D9-422B-A6DF-CC0A0F103CB1}.Platform (Debug)|Win32.ActiveCfg = Debug|Any CPU
		{A2F522B3-18D9-422B-A6DF-CC0A0F103CB1}.Platform (Debug)|x64.ActiveCfg = Debug|Any CPU
		{A2F522B3-18D9-422B-A6DF-CC0A0F103CB1}.Platform (Debug)|x86.ActiveCfg = Debug|Any CPU
		{A2F522B3-18D9-422B-A6DF-CC0A0F103CB1}.Release|Any CPU.ActiveCfg = Release|Any CPU
		{A2F522B3-18D9-422B-A6DF-CC0A0F103CB1}.Release|Any CPU.Build.0 = Release|Any CPU
		{A2F522B3-18D9-422B-A6DF-CC0A0F103CB1}.Release|Mixed Platforms.ActiveCfg = Release|Any CPU
		{A2F522B3-18D9-422B-A6DF-CC0A0F103CB1}.Release|Win32.ActiveCfg = Release|Any CPU
		{A2F522B3-18D9-422B-A6DF-CC0A0F103CB1}.Release|x64.ActiveCfg = Release|Any CPU
		{A2F522B3-18D9-422B-A6DF-CC0A0F103CB1}.Release|x86.ActiveCfg = Release|Any CPU
		{5E9B5957-0756-4174-A2C5-49F16BCE2A7A}.Debug|Any CPU.ActiveCfg = Debug|Any CPU
		{5E9B5957-0756-4174-A2C5-49F16BCE2A7A}.Debug|Any CPU.Build.0 = Debug|Any CPU
		{5E9B5957-0756-4174-A2C5-49F16BCE2A7A}.Debug|Mixed Platforms.ActiveCfg = Debug|Any CPU
		{5E9B5957-0756-4174-A2C5-49F16BCE2A7A}.Debug|Win32.ActiveCfg = Debug|Any CPU
		{5E9B5957-0756-4174-A2C5-49F16BCE2A7A}.Debug|x64.ActiveCfg = Debug|Any CPU
		{5E9B5957-0756-4174-A2C5-49F16BCE2A7A}.Debug|x86.ActiveCfg = Debug|Any CPU
		{5E9B5957-0756-4174-A2C5-49F16BCE2A7A}.Platform (Debug)|Any CPU.ActiveCfg = Debug|Any CPU
		{5E9B5957-0756-4174-A2C5-49F16BCE2A7A}.Platform (Debug)|Mixed Platforms.ActiveCfg = Debug|Any CPU
		{5E9B5957-0756-4174-A2C5-49F16BCE2A7A}.Platform (Debug)|Win32.ActiveCfg = Debug|Any CPU
		{5E9B5957-0756-4174-A2C5-49F16BCE2A7A}.Platform (Debug)|x64.ActiveCfg = Debug|Any CPU
		{5E9B5957-0756-4174-A2C5-49F16BCE2A7A}.Platform (Debug)|x86.ActiveCfg = Debug|Any CPU
		{5E9B5957-0756-4174-A2C5-49F16BCE2A7A}.Release|Any CPU.ActiveCfg = Release|Any CPU
		{5E9B5957-0756-4174-A2C5-49F16BCE2A7A}.Release|Any CPU.Build.0 = Release|Any CPU
		{5E9B5957-0756-4174-A2C5-49F16BCE2A7A}.Release|Mixed Platforms.ActiveCfg = Release|Any CPU
		{5E9B5957-0756-4174-A2C5-49F16BCE2A7A}.Release|Win32.ActiveCfg = Release|Any CPU
		{5E9B5957-0756-4174-A2C5-49F16BCE2A7A}.Release|x64.ActiveCfg = Release|Any CPU
		{5E9B5957-0756-4174-A2C5-49F16BCE2A7A}.Release|x86.ActiveCfg = Release|Any CPU
		{77B54C4A-DA27-4BD1-8B73-A40990923F39}.Debug|Any CPU.ActiveCfg = Debug|Any CPU
		{77B54C4A-DA27-4BD1-8B73-A40990923F39}.Debug|Any CPU.Build.0 = Debug|Any CPU
		{77B54C4A-DA27-4BD1-8B73-A40990923F39}.Debug|Mixed Platforms.ActiveCfg = Debug|Any CPU
		{77B54C4A-DA27-4BD1-8B73-A40990923F39}.Debug|Win32.ActiveCfg = Debug|Any CPU
		{77B54C4A-DA27-4BD1-8B73-A40990923F39}.Debug|x64.ActiveCfg = Debug|Any CPU
		{77B54C4A-DA27-4BD1-8B73-A40990923F39}.Debug|x86.ActiveCfg = Debug|Any CPU
		{77B54C4A-DA27-4BD1-8B73-A40990923F39}.Platform (Debug)|Any CPU.ActiveCfg = Debug|Any CPU
		{77B54C4A-DA27-4BD1-8B73-A40990923F39}.Platform (Debug)|Mixed Platforms.ActiveCfg = Debug|Any CPU
		{77B54C4A-DA27-4BD1-8B73-A40990923F39}.Platform (Debug)|Win32.ActiveCfg = Debug|Any CPU
		{77B54C4A-DA27-4BD1-8B73-A40990923F39}.Platform (Debug)|x64.ActiveCfg = Debug|Any CPU
		{77B54C4A-DA27-4BD1-8B73-A40990923F39}.Platform (Debug)|x86.ActiveCfg = Debug|Any CPU
		{77B54C4A-DA27-4BD1-8B73-A40990923F39}.Release|Any CPU.ActiveCfg = Release|Any CPU
		{77B54C4A-DA27-4BD1-8B73-A40990923F39}.Release|Any CPU.Build.0 = Release|Any CPU
		{77B54C4A-DA27-4BD1-8B73-A40990923F39}.Release|Mixed Platforms.ActiveCfg = Release|Any CPU
		{77B54C4A-DA27-4BD1-8B73-A40990923F39}.Release|Win32.ActiveCfg = Release|Any CPU
		{77B54C4A-DA27-4BD1-8B73-A40990923F39}.Release|x64.ActiveCfg = Release|Any CPU
		{77B54C4A-DA27-4BD1-8B73-A40990923F39}.Release|x86.ActiveCfg = Release|Any CPU
		{4ED4C7F8-96FB-42C3-B647-D60235862223}.Debug|Any CPU.ActiveCfg = Debug|Any CPU
		{4ED4C7F8-96FB-42C3-B647-D60235862223}.Debug|Any CPU.Build.0 = Debug|Any CPU
		{4ED4C7F8-96FB-42C3-B647-D60235862223}.Debug|Mixed Platforms.ActiveCfg = Debug|Any CPU
		{4ED4C7F8-96FB-42C3-B647-D60235862223}.Debug|Win32.ActiveCfg = Debug|Any CPU
		{4ED4C7F8-96FB-42C3-B647-D60235862223}.Debug|x64.ActiveCfg = Debug|Any CPU
		{4ED4C7F8-96FB-42C3-B647-D60235862223}.Debug|x86.ActiveCfg = Debug|Any CPU
		{4ED4C7F8-96FB-42C3-B647-D60235862223}.Platform (Debug)|Any CPU.ActiveCfg = Debug|Any CPU
		{4ED4C7F8-96FB-42C3-B647-D60235862223}.Platform (Debug)|Mixed Platforms.ActiveCfg = Debug|Any CPU
		{4ED4C7F8-96FB-42C3-B647-D60235862223}.Platform (Debug)|Win32.ActiveCfg = Debug|Any CPU
		{4ED4C7F8-96FB-42C3-B647-D60235862223}.Platform (Debug)|x64.ActiveCfg = Debug|Any CPU
		{4ED4C7F8-96FB-42C3-B647-D60235862223}.Platform (Debug)|x86.ActiveCfg = Debug|Any CPU
		{4ED4C7F8-96FB-42C3-B647-D60235862223}.Release|Any CPU.ActiveCfg = Release|Any CPU
		{4ED4C7F8-96FB-42C3-B647-D60235862223}.Release|Any CPU.Build.0 = Release|Any CPU
		{4ED4C7F8-96FB-42C3-B647-D60235862223}.Release|Mixed Platforms.ActiveCfg = Release|Any CPU
		{4ED4C7F8-96FB-42C3-B647-D60235862223}.Release|Win32.ActiveCfg = Release|Any CPU
		{4ED4C7F8-96FB-42C3-B647-D60235862223}.Release|x64.ActiveCfg = Release|Any CPU
		{4ED4C7F8-96FB-42C3-B647-D60235862223}.Release|x86.ActiveCfg = Release|Any CPU
		{901DCD8B-2139-4FBD-89D5-84F3256B2638}.Debug|Any CPU.ActiveCfg = Debug|Any CPU
		{901DCD8B-2139-4FBD-89D5-84F3256B2638}.Debug|Any CPU.Build.0 = Debug|Any CPU
		{901DCD8B-2139-4FBD-89D5-84F3256B2638}.Debug|Mixed Platforms.ActiveCfg = Debug|Any CPU
		{901DCD8B-2139-4FBD-89D5-84F3256B2638}.Debug|Win32.ActiveCfg = Debug|Any CPU
		{901DCD8B-2139-4FBD-89D5-84F3256B2638}.Debug|x64.ActiveCfg = Debug|Any CPU
		{901DCD8B-2139-4FBD-89D5-84F3256B2638}.Debug|x86.ActiveCfg = Debug|Any CPU
		{901DCD8B-2139-4FBD-89D5-84F3256B2638}.Platform (Debug)|Any CPU.ActiveCfg = Debug|Any CPU
		{901DCD8B-2139-4FBD-89D5-84F3256B2638}.Platform (Debug)|Mixed Platforms.ActiveCfg = Debug|Any CPU
		{901DCD8B-2139-4FBD-89D5-84F3256B2638}.Platform (Debug)|Win32.ActiveCfg = Debug|Any CPU
		{901DCD8B-2139-4FBD-89D5-84F3256B2638}.Platform (Debug)|x64.ActiveCfg = Debug|Any CPU
		{901DCD8B-2139-4FBD-89D5-84F3256B2638}.Platform (Debug)|x86.ActiveCfg = Debug|Any CPU
		{901DCD8B-2139-4FBD-89D5-84F3256B2638}.Release|Any CPU.ActiveCfg = Release|Any CPU
		{901DCD8B-2139-4FBD-89D5-84F3256B2638}.Release|Any CPU.Build.0 = Release|Any CPU
		{901DCD8B-2139-4FBD-89D5-84F3256B2638}.Release|Mixed Platforms.ActiveCfg = Release|Any CPU
		{901DCD8B-2139-4FBD-89D5-84F3256B2638}.Release|Win32.ActiveCfg = Release|Any CPU
		{901DCD8B-2139-4FBD-89D5-84F3256B2638}.Release|x64.ActiveCfg = Release|Any CPU
		{901DCD8B-2139-4FBD-89D5-84F3256B2638}.Release|x86.ActiveCfg = Release|Any CPU
		{4055D7C9-A993-41AD-B429-5DC5C6C1650E}.Debug|Any CPU.ActiveCfg = Debug|Any CPU
		{4055D7C9-A993-41AD-B429-5DC5C6C1650E}.Debug|Any CPU.Build.0 = Debug|Any CPU
		{4055D7C9-A993-41AD-B429-5DC5C6C1650E}.Debug|Mixed Platforms.ActiveCfg = Debug|Any CPU
		{4055D7C9-A993-41AD-B429-5DC5C6C1650E}.Debug|Win32.ActiveCfg = Debug|Any CPU
		{4055D7C9-A993-41AD-B429-5DC5C6C1650E}.Debug|x64.ActiveCfg = Debug|Any CPU
		{4055D7C9-A993-41AD-B429-5DC5C6C1650E}.Debug|x86.ActiveCfg = Debug|Any CPU
		{4055D7C9-A993-41AD-B429-5DC5C6C1650E}.Platform (Debug)|Any CPU.ActiveCfg = Debug|Any CPU
		{4055D7C9-A993-41AD-B429-5DC5C6C1650E}.Platform (Debug)|Mixed Platforms.ActiveCfg = Debug|Any CPU
		{4055D7C9-A993-41AD-B429-5DC5C6C1650E}.Platform (Debug)|Win32.ActiveCfg = Debug|Any CPU
		{4055D7C9-A993-41AD-B429-5DC5C6C1650E}.Platform (Debug)|x64.ActiveCfg = Debug|Any CPU
		{4055D7C9-A993-41AD-B429-5DC5C6C1650E}.Platform (Debug)|x86.ActiveCfg = Debug|Any CPU
		{4055D7C9-A993-41AD-B429-5DC5C6C1650E}.Release|Any CPU.ActiveCfg = Release|Any CPU
		{4055D7C9-A993-41AD-B429-5DC5C6C1650E}.Release|Any CPU.Build.0 = Release|Any CPU
		{4055D7C9-A993-41AD-B429-5DC5C6C1650E}.Release|Mixed Platforms.ActiveCfg = Release|Any CPU
		{4055D7C9-A993-41AD-B429-5DC5C6C1650E}.Release|Win32.ActiveCfg = Release|Any CPU
		{4055D7C9-A993-41AD-B429-5DC5C6C1650E}.Release|x64.ActiveCfg = Release|Any CPU
		{4055D7C9-A993-41AD-B429-5DC5C6C1650E}.Release|x86.ActiveCfg = Release|Any CPU
		{E6DA8AB8-38E2-47EA-B2DC-744E39A98DAB}.Debug|Any CPU.ActiveCfg = Debug|Any CPU
		{E6DA8AB8-38E2-47EA-B2DC-744E39A98DAB}.Debug|Any CPU.Build.0 = Debug|Any CPU
		{E6DA8AB8-38E2-47EA-B2DC-744E39A98DAB}.Debug|Mixed Platforms.ActiveCfg = Debug|Any CPU
		{E6DA8AB8-38E2-47EA-B2DC-744E39A98DAB}.Debug|Win32.ActiveCfg = Debug|Any CPU
		{E6DA8AB8-38E2-47EA-B2DC-744E39A98DAB}.Debug|x64.ActiveCfg = Debug|Any CPU
		{E6DA8AB8-38E2-47EA-B2DC-744E39A98DAB}.Debug|x86.ActiveCfg = Debug|Any CPU
		{E6DA8AB8-38E2-47EA-B2DC-744E39A98DAB}.Platform (Debug)|Any CPU.ActiveCfg = Debug|Any CPU
		{E6DA8AB8-38E2-47EA-B2DC-744E39A98DAB}.Platform (Debug)|Mixed Platforms.ActiveCfg = Debug|Any CPU
		{E6DA8AB8-38E2-47EA-B2DC-744E39A98DAB}.Platform (Debug)|Win32.ActiveCfg = Debug|Any CPU
		{E6DA8AB8-38E2-47EA-B2DC-744E39A98DAB}.Platform (Debug)|x64.ActiveCfg = Debug|Any CPU
		{E6DA8AB8-38E2-47EA-B2DC-744E39A98DAB}.Platform (Debug)|x86.ActiveCfg = Debug|Any CPU
		{E6DA8AB8-38E2-47EA-B2DC-744E39A98DAB}.Release|Any CPU.ActiveCfg = Release|Any CPU
		{E6DA8AB8-38E2-47EA-B2DC-744E39A98DAB}.Release|Any CPU.Build.0 = Release|Any CPU
		{E6DA8AB8-38E2-47EA-B2DC-744E39A98DAB}.Release|Mixed Platforms.ActiveCfg = Release|Any CPU
		{E6DA8AB8-38E2-47EA-B2DC-744E39A98DAB}.Release|Win32.ActiveCfg = Release|Any CPU
		{E6DA8AB8-38E2-47EA-B2DC-744E39A98DAB}.Release|x64.ActiveCfg = Release|Any CPU
		{E6DA8AB8-38E2-47EA-B2DC-744E39A98DAB}.Release|x86.ActiveCfg = Release|Any CPU
		{52748D66-F639-49C3-BE3F-0FB090FA93B6}.Debug|Any CPU.ActiveCfg = Debug|Any CPU
		{52748D66-F639-49C3-BE3F-0FB090FA93B6}.Debug|Any CPU.Build.0 = Debug|Any CPU
		{52748D66-F639-49C3-BE3F-0FB090FA93B6}.Debug|Mixed Platforms.ActiveCfg = Debug|Any CPU
		{52748D66-F639-49C3-BE3F-0FB090FA93B6}.Debug|Win32.ActiveCfg = Debug|Any CPU
		{52748D66-F639-49C3-BE3F-0FB090FA93B6}.Debug|x64.ActiveCfg = Debug|Any CPU
		{52748D66-F639-49C3-BE3F-0FB090FA93B6}.Debug|x86.ActiveCfg = Debug|Any CPU
		{52748D66-F639-49C3-BE3F-0FB090FA93B6}.Platform (Debug)|Any CPU.ActiveCfg = Debug|Any CPU
		{52748D66-F639-49C3-BE3F-0FB090FA93B6}.Platform (Debug)|Mixed Platforms.ActiveCfg = Debug|Any CPU
		{52748D66-F639-49C3-BE3F-0FB090FA93B6}.Platform (Debug)|Win32.ActiveCfg = Debug|Any CPU
		{52748D66-F639-49C3-BE3F-0FB090FA93B6}.Platform (Debug)|x64.ActiveCfg = Debug|Any CPU
		{52748D66-F639-49C3-BE3F-0FB090FA93B6}.Platform (Debug)|x86.ActiveCfg = Debug|Any CPU
		{52748D66-F639-49C3-BE3F-0FB090FA93B6}.Release|Any CPU.ActiveCfg = Release|Any CPU
		{52748D66-F639-49C3-BE3F-0FB090FA93B6}.Release|Any CPU.Build.0 = Release|Any CPU
		{52748D66-F639-49C3-BE3F-0FB090FA93B6}.Release|Mixed Platforms.ActiveCfg = Release|Any CPU
		{52748D66-F639-49C3-BE3F-0FB090FA93B6}.Release|Win32.ActiveCfg = Release|Any CPU
		{52748D66-F639-49C3-BE3F-0FB090FA93B6}.Release|x64.ActiveCfg = Release|Any CPU
		{52748D66-F639-49C3-BE3F-0FB090FA93B6}.Release|x86.ActiveCfg = Release|Any CPU
		{E414513A-E77A-48E5-8850-0BEB60A6FB64}.Debug|Any CPU.ActiveCfg = Debug|Any CPU
		{E414513A-E77A-48E5-8850-0BEB60A6FB64}.Debug|Any CPU.Build.0 = Debug|Any CPU
		{E414513A-E77A-48E5-8850-0BEB60A6FB64}.Debug|Mixed Platforms.ActiveCfg = Debug|Any CPU
		{E414513A-E77A-48E5-8850-0BEB60A6FB64}.Debug|Win32.ActiveCfg = Debug|Any CPU
		{E414513A-E77A-48E5-8850-0BEB60A6FB64}.Debug|x64.ActiveCfg = Debug|Any CPU
		{E414513A-E77A-48E5-8850-0BEB60A6FB64}.Debug|x86.ActiveCfg = Debug|Any CPU
		{E414513A-E77A-48E5-8850-0BEB60A6FB64}.Platform (Debug)|Any CPU.ActiveCfg = Debug|Any CPU
		{E414513A-E77A-48E5-8850-0BEB60A6FB64}.Platform (Debug)|Mixed Platforms.ActiveCfg = Debug|Any CPU
		{E414513A-E77A-48E5-8850-0BEB60A6FB64}.Platform (Debug)|Win32.ActiveCfg = Debug|Any CPU
		{E414513A-E77A-48E5-8850-0BEB60A6FB64}.Platform (Debug)|x64.ActiveCfg = Debug|Any CPU
		{E414513A-E77A-48E5-8850-0BEB60A6FB64}.Platform (Debug)|x86.ActiveCfg = Debug|Any CPU
		{E414513A-E77A-48E5-8850-0BEB60A6FB64}.Release|Any CPU.ActiveCfg = Release|Any CPU
		{E414513A-E77A-48E5-8850-0BEB60A6FB64}.Release|Any CPU.Build.0 = Release|Any CPU
		{E414513A-E77A-48E5-8850-0BEB60A6FB64}.Release|Mixed Platforms.ActiveCfg = Release|Any CPU
		{E414513A-E77A-48E5-8850-0BEB60A6FB64}.Release|Win32.ActiveCfg = Release|Any CPU
		{E414513A-E77A-48E5-8850-0BEB60A6FB64}.Release|x64.ActiveCfg = Release|Any CPU
		{E414513A-E77A-48E5-8850-0BEB60A6FB64}.Release|x86.ActiveCfg = Release|Any CPU
		{C7F21348-BA41-4190-92CE-8FDBA7FE4B83}.Debug|Any CPU.ActiveCfg = Debug|Any CPU
		{C7F21348-BA41-4190-92CE-8FDBA7FE4B83}.Debug|Any CPU.Build.0 = Debug|Any CPU
		{C7F21348-BA41-4190-92CE-8FDBA7FE4B83}.Debug|Mixed Platforms.ActiveCfg = Debug|Any CPU
		{C7F21348-BA41-4190-92CE-8FDBA7FE4B83}.Debug|Win32.ActiveCfg = Debug|Any CPU
		{C7F21348-BA41-4190-92CE-8FDBA7FE4B83}.Debug|x64.ActiveCfg = Debug|Any CPU
		{C7F21348-BA41-4190-92CE-8FDBA7FE4B83}.Debug|x86.ActiveCfg = Debug|Any CPU
		{C7F21348-BA41-4190-92CE-8FDBA7FE4B83}.Platform (Debug)|Any CPU.ActiveCfg = Debug|Any CPU
		{C7F21348-BA41-4190-92CE-8FDBA7FE4B83}.Platform (Debug)|Mixed Platforms.ActiveCfg = Debug|Any CPU
		{C7F21348-BA41-4190-92CE-8FDBA7FE4B83}.Platform (Debug)|Win32.ActiveCfg = Debug|Any CPU
		{C7F21348-BA41-4190-92CE-8FDBA7FE4B83}.Platform (Debug)|x64.ActiveCfg = Debug|Any CPU
		{C7F21348-BA41-4190-92CE-8FDBA7FE4B83}.Platform (Debug)|x86.ActiveCfg = Debug|Any CPU
		{C7F21348-BA41-4190-92CE-8FDBA7FE4B83}.Release|Any CPU.ActiveCfg = Release|Any CPU
		{C7F21348-BA41-4190-92CE-8FDBA7FE4B83}.Release|Any CPU.Build.0 = Release|Any CPU
		{C7F21348-BA41-4190-92CE-8FDBA7FE4B83}.Release|Mixed Platforms.ActiveCfg = Release|Any CPU
		{C7F21348-BA41-4190-92CE-8FDBA7FE4B83}.Release|Win32.ActiveCfg = Release|Any CPU
		{C7F21348-BA41-4190-92CE-8FDBA7FE4B83}.Release|x64.ActiveCfg = Release|Any CPU
		{C7F21348-BA41-4190-92CE-8FDBA7FE4B83}.Release|x86.ActiveCfg = Release|Any CPU
		{04CD1CA1-EC99-4887-8345-CE58B20B659C}.Debug|Any CPU.ActiveCfg = Debug|Any CPU
		{04CD1CA1-EC99-4887-8345-CE58B20B659C}.Debug|Any CPU.Build.0 = Debug|Any CPU
		{04CD1CA1-EC99-4887-8345-CE58B20B659C}.Debug|Mixed Platforms.ActiveCfg = Debug|Any CPU
		{04CD1CA1-EC99-4887-8345-CE58B20B659C}.Debug|Win32.ActiveCfg = Debug|Any CPU
		{04CD1CA1-EC99-4887-8345-CE58B20B659C}.Debug|x64.ActiveCfg = Debug|Any CPU
		{04CD1CA1-EC99-4887-8345-CE58B20B659C}.Debug|x86.ActiveCfg = Debug|Any CPU
		{04CD1CA1-EC99-4887-8345-CE58B20B659C}.Platform (Debug)|Any CPU.ActiveCfg = Debug|Any CPU
		{04CD1CA1-EC99-4887-8345-CE58B20B659C}.Platform (Debug)|Mixed Platforms.ActiveCfg = Debug|Any CPU
		{04CD1CA1-EC99-4887-8345-CE58B20B659C}.Platform (Debug)|Win32.ActiveCfg = Debug|Any CPU
		{04CD1CA1-EC99-4887-8345-CE58B20B659C}.Platform (Debug)|x64.ActiveCfg = Debug|Any CPU
		{04CD1CA1-EC99-4887-8345-CE58B20B659C}.Platform (Debug)|x86.ActiveCfg = Debug|Any CPU
		{04CD1CA1-EC99-4887-8345-CE58B20B659C}.Release|Any CPU.ActiveCfg = Release|Any CPU
		{04CD1CA1-EC99-4887-8345-CE58B20B659C}.Release|Any CPU.Build.0 = Release|Any CPU
		{04CD1CA1-EC99-4887-8345-CE58B20B659C}.Release|Mixed Platforms.ActiveCfg = Release|Any CPU
		{04CD1CA1-EC99-4887-8345-CE58B20B659C}.Release|Win32.ActiveCfg = Release|Any CPU
		{04CD1CA1-EC99-4887-8345-CE58B20B659C}.Release|x64.ActiveCfg = Release|Any CPU
		{04CD1CA1-EC99-4887-8345-CE58B20B659C}.Release|x86.ActiveCfg = Release|Any CPU
		{07708DFD-71B4-4F7A-A1A8-8F9630E9FC71}.Debug|Any CPU.ActiveCfg = Debug|Any CPU
		{07708DFD-71B4-4F7A-A1A8-8F9630E9FC71}.Debug|Any CPU.Build.0 = Debug|Any CPU
		{07708DFD-71B4-4F7A-A1A8-8F9630E9FC71}.Debug|Mixed Platforms.ActiveCfg = Debug|Any CPU
		{07708DFD-71B4-4F7A-A1A8-8F9630E9FC71}.Debug|Win32.ActiveCfg = Debug|Any CPU
		{07708DFD-71B4-4F7A-A1A8-8F9630E9FC71}.Debug|x64.ActiveCfg = Debug|Any CPU
		{07708DFD-71B4-4F7A-A1A8-8F9630E9FC71}.Debug|x86.ActiveCfg = Debug|Any CPU
		{07708DFD-71B4-4F7A-A1A8-8F9630E9FC71}.Platform (Debug)|Any CPU.ActiveCfg = Debug|Any CPU
		{07708DFD-71B4-4F7A-A1A8-8F9630E9FC71}.Platform (Debug)|Mixed Platforms.ActiveCfg = Debug|Any CPU
		{07708DFD-71B4-4F7A-A1A8-8F9630E9FC71}.Platform (Debug)|Win32.ActiveCfg = Debug|Any CPU
		{07708DFD-71B4-4F7A-A1A8-8F9630E9FC71}.Platform (Debug)|x64.ActiveCfg = Debug|Any CPU
		{07708DFD-71B4-4F7A-A1A8-8F9630E9FC71}.Platform (Debug)|x86.ActiveCfg = Debug|Any CPU
		{07708DFD-71B4-4F7A-A1A8-8F9630E9FC71}.Release|Any CPU.ActiveCfg = Release|Any CPU
		{07708DFD-71B4-4F7A-A1A8-8F9630E9FC71}.Release|Any CPU.Build.0 = Release|Any CPU
		{07708DFD-71B4-4F7A-A1A8-8F9630E9FC71}.Release|Mixed Platforms.ActiveCfg = Release|Any CPU
		{07708DFD-71B4-4F7A-A1A8-8F9630E9FC71}.Release|Win32.ActiveCfg = Release|Any CPU
		{07708DFD-71B4-4F7A-A1A8-8F9630E9FC71}.Release|x64.ActiveCfg = Release|Any CPU
		{07708DFD-71B4-4F7A-A1A8-8F9630E9FC71}.Release|x86.ActiveCfg = Release|Any CPU
		{35BDAE14-5E01-46F9-8D73-888859AE7A7C}.Debug|Any CPU.ActiveCfg = Debug|Any CPU
		{35BDAE14-5E01-46F9-8D73-888859AE7A7C}.Debug|Any CPU.Build.0 = Debug|Any CPU
		{35BDAE14-5E01-46F9-8D73-888859AE7A7C}.Debug|Mixed Platforms.ActiveCfg = Debug|Any CPU
		{35BDAE14-5E01-46F9-8D73-888859AE7A7C}.Debug|Win32.ActiveCfg = Debug|Any CPU
		{35BDAE14-5E01-46F9-8D73-888859AE7A7C}.Debug|x64.ActiveCfg = Debug|Any CPU
		{35BDAE14-5E01-46F9-8D73-888859AE7A7C}.Debug|x86.ActiveCfg = Debug|Any CPU
		{35BDAE14-5E01-46F9-8D73-888859AE7A7C}.Platform (Debug)|Any CPU.ActiveCfg = Debug|Any CPU
		{35BDAE14-5E01-46F9-8D73-888859AE7A7C}.Platform (Debug)|Mixed Platforms.ActiveCfg = Debug|Any CPU
		{35BDAE14-5E01-46F9-8D73-888859AE7A7C}.Platform (Debug)|Win32.ActiveCfg = Debug|Any CPU
		{35BDAE14-5E01-46F9-8D73-888859AE7A7C}.Platform (Debug)|x64.ActiveCfg = Debug|Any CPU
		{35BDAE14-5E01-46F9-8D73-888859AE7A7C}.Platform (Debug)|x86.ActiveCfg = Debug|Any CPU
		{35BDAE14-5E01-46F9-8D73-888859AE7A7C}.Release|Any CPU.ActiveCfg = Release|Any CPU
		{35BDAE14-5E01-46F9-8D73-888859AE7A7C}.Release|Any CPU.Build.0 = Release|Any CPU
		{35BDAE14-5E01-46F9-8D73-888859AE7A7C}.Release|Mixed Platforms.ActiveCfg = Release|Any CPU
		{35BDAE14-5E01-46F9-8D73-888859AE7A7C}.Release|Win32.ActiveCfg = Release|Any CPU
		{35BDAE14-5E01-46F9-8D73-888859AE7A7C}.Release|x64.ActiveCfg = Release|Any CPU
		{35BDAE14-5E01-46F9-8D73-888859AE7A7C}.Release|x86.ActiveCfg = Release|Any CPU
		{91EF3A85-E2D1-4C5E-BBE8-D81F4D29B54C}.Debug|Any CPU.ActiveCfg = Debug|Any CPU
		{91EF3A85-E2D1-4C5E-BBE8-D81F4D29B54C}.Debug|Any CPU.Build.0 = Debug|Any CPU
		{91EF3A85-E2D1-4C5E-BBE8-D81F4D29B54C}.Debug|Mixed Platforms.ActiveCfg = Debug|Any CPU
		{91EF3A85-E2D1-4C5E-BBE8-D81F4D29B54C}.Debug|Win32.ActiveCfg = Debug|Any CPU
		{91EF3A85-E2D1-4C5E-BBE8-D81F4D29B54C}.Debug|x64.ActiveCfg = Debug|Any CPU
		{91EF3A85-E2D1-4C5E-BBE8-D81F4D29B54C}.Debug|x86.ActiveCfg = Debug|Any CPU
		{91EF3A85-E2D1-4C5E-BBE8-D81F4D29B54C}.Platform (Debug)|Any CPU.ActiveCfg = Debug|Any CPU
		{91EF3A85-E2D1-4C5E-BBE8-D81F4D29B54C}.Platform (Debug)|Mixed Platforms.ActiveCfg = Debug|Any CPU
		{91EF3A85-E2D1-4C5E-BBE8-D81F4D29B54C}.Platform (Debug)|Win32.ActiveCfg = Debug|Any CPU
		{91EF3A85-E2D1-4C5E-BBE8-D81F4D29B54C}.Platform (Debug)|x64.ActiveCfg = Debug|Any CPU
		{91EF3A85-E2D1-4C5E-BBE8-D81F4D29B54C}.Platform (Debug)|x86.ActiveCfg = Debug|Any CPU
		{91EF3A85-E2D1-4C5E-BBE8-D81F4D29B54C}.Release|Any CPU.ActiveCfg = Release|Any CPU
		{91EF3A85-E2D1-4C5E-BBE8-D81F4D29B54C}.Release|Any CPU.Build.0 = Release|Any CPU
		{91EF3A85-E2D1-4C5E-BBE8-D81F4D29B54C}.Release|Mixed Platforms.ActiveCfg = Release|Any CPU
		{91EF3A85-E2D1-4C5E-BBE8-D81F4D29B54C}.Release|Win32.ActiveCfg = Release|Any CPU
		{91EF3A85-E2D1-4C5E-BBE8-D81F4D29B54C}.Release|x64.ActiveCfg = Release|Any CPU
		{91EF3A85-E2D1-4C5E-BBE8-D81F4D29B54C}.Release|x86.ActiveCfg = Release|Any CPU
		{87AF8859-F385-4284-847B-1EDD80EA19F1}.Debug|Any CPU.ActiveCfg = Debug|Any CPU
		{87AF8859-F385-4284-847B-1EDD80EA19F1}.Debug|Any CPU.Build.0 = Debug|Any CPU
		{87AF8859-F385-4284-847B-1EDD80EA19F1}.Debug|Mixed Platforms.ActiveCfg = Debug|Any CPU
		{87AF8859-F385-4284-847B-1EDD80EA19F1}.Debug|Mixed Platforms.Build.0 = Debug|Any CPU
		{87AF8859-F385-4284-847B-1EDD80EA19F1}.Debug|Win32.ActiveCfg = Debug|Any CPU
		{87AF8859-F385-4284-847B-1EDD80EA19F1}.Debug|Win32.Build.0 = Debug|Any CPU
		{87AF8859-F385-4284-847B-1EDD80EA19F1}.Debug|x64.ActiveCfg = Debug|Any CPU
		{87AF8859-F385-4284-847B-1EDD80EA19F1}.Debug|x64.Build.0 = Debug|Any CPU
		{87AF8859-F385-4284-847B-1EDD80EA19F1}.Debug|x86.ActiveCfg = Debug|Any CPU
		{87AF8859-F385-4284-847B-1EDD80EA19F1}.Debug|x86.Build.0 = Debug|Any CPU
		{87AF8859-F385-4284-847B-1EDD80EA19F1}.Platform (Debug)|Any CPU.ActiveCfg = Debug|Any CPU
		{87AF8859-F385-4284-847B-1EDD80EA19F1}.Platform (Debug)|Any CPU.Build.0 = Debug|Any CPU
		{87AF8859-F385-4284-847B-1EDD80EA19F1}.Platform (Debug)|Mixed Platforms.ActiveCfg = Debug|Any CPU
		{87AF8859-F385-4284-847B-1EDD80EA19F1}.Platform (Debug)|Mixed Platforms.Build.0 = Debug|Any CPU
		{87AF8859-F385-4284-847B-1EDD80EA19F1}.Platform (Debug)|Win32.ActiveCfg = Debug|Any CPU
		{87AF8859-F385-4284-847B-1EDD80EA19F1}.Platform (Debug)|Win32.Build.0 = Debug|Any CPU
		{87AF8859-F385-4284-847B-1EDD80EA19F1}.Platform (Debug)|x64.ActiveCfg = Debug|Any CPU
		{87AF8859-F385-4284-847B-1EDD80EA19F1}.Platform (Debug)|x64.Build.0 = Debug|Any CPU
		{87AF8859-F385-4284-847B-1EDD80EA19F1}.Platform (Debug)|x86.ActiveCfg = Debug|Any CPU
		{87AF8859-F385-4284-847B-1EDD80EA19F1}.Platform (Debug)|x86.Build.0 = Debug|Any CPU
		{87AF8859-F385-4284-847B-1EDD80EA19F1}.Release|Any CPU.ActiveCfg = Release|Any CPU
		{87AF8859-F385-4284-847B-1EDD80EA19F1}.Release|Any CPU.Build.0 = Release|Any CPU
		{87AF8859-F385-4284-847B-1EDD80EA19F1}.Release|Mixed Platforms.ActiveCfg = Release|Any CPU
		{87AF8859-F385-4284-847B-1EDD80EA19F1}.Release|Mixed Platforms.Build.0 = Release|Any CPU
		{87AF8859-F385-4284-847B-1EDD80EA19F1}.Release|Win32.ActiveCfg = Release|Any CPU
		{87AF8859-F385-4284-847B-1EDD80EA19F1}.Release|Win32.Build.0 = Release|Any CPU
		{87AF8859-F385-4284-847B-1EDD80EA19F1}.Release|x64.ActiveCfg = Release|Any CPU
		{87AF8859-F385-4284-847B-1EDD80EA19F1}.Release|x64.Build.0 = Release|Any CPU
		{87AF8859-F385-4284-847B-1EDD80EA19F1}.Release|x86.ActiveCfg = Release|Any CPU
		{87AF8859-F385-4284-847B-1EDD80EA19F1}.Release|x86.Build.0 = Release|Any CPU
		{FB19D973-C006-4832-9354-C7C24DDBD833}.Debug|Any CPU.ActiveCfg = Debug|Any CPU
		{FB19D973-C006-4832-9354-C7C24DDBD833}.Debug|Any CPU.Build.0 = Debug|Any CPU
		{FB19D973-C006-4832-9354-C7C24DDBD833}.Debug|Mixed Platforms.ActiveCfg = Debug|Any CPU
		{FB19D973-C006-4832-9354-C7C24DDBD833}.Debug|Mixed Platforms.Build.0 = Debug|Any CPU
		{FB19D973-C006-4832-9354-C7C24DDBD833}.Debug|Win32.ActiveCfg = Debug|Any CPU
		{FB19D973-C006-4832-9354-C7C24DDBD833}.Debug|Win32.Build.0 = Debug|Any CPU
		{FB19D973-C006-4832-9354-C7C24DDBD833}.Debug|x64.ActiveCfg = Debug|Any CPU
		{FB19D973-C006-4832-9354-C7C24DDBD833}.Debug|x64.Build.0 = Debug|Any CPU
		{FB19D973-C006-4832-9354-C7C24DDBD833}.Debug|x86.ActiveCfg = Debug|Any CPU
		{FB19D973-C006-4832-9354-C7C24DDBD833}.Debug|x86.Build.0 = Debug|Any CPU
		{FB19D973-C006-4832-9354-C7C24DDBD833}.Platform (Debug)|Any CPU.ActiveCfg = Debug|Any CPU
		{FB19D973-C006-4832-9354-C7C24DDBD833}.Platform (Debug)|Any CPU.Build.0 = Debug|Any CPU
		{FB19D973-C006-4832-9354-C7C24DDBD833}.Platform (Debug)|Mixed Platforms.ActiveCfg = Debug|Any CPU
		{FB19D973-C006-4832-9354-C7C24DDBD833}.Platform (Debug)|Mixed Platforms.Build.0 = Debug|Any CPU
		{FB19D973-C006-4832-9354-C7C24DDBD833}.Platform (Debug)|Win32.ActiveCfg = Debug|Any CPU
		{FB19D973-C006-4832-9354-C7C24DDBD833}.Platform (Debug)|Win32.Build.0 = Debug|Any CPU
		{FB19D973-C006-4832-9354-C7C24DDBD833}.Platform (Debug)|x64.ActiveCfg = Debug|Any CPU
		{FB19D973-C006-4832-9354-C7C24DDBD833}.Platform (Debug)|x64.Build.0 = Debug|Any CPU
		{FB19D973-C006-4832-9354-C7C24DDBD833}.Platform (Debug)|x86.ActiveCfg = Debug|Any CPU
		{FB19D973-C006-4832-9354-C7C24DDBD833}.Platform (Debug)|x86.Build.0 = Debug|Any CPU
		{FB19D973-C006-4832-9354-C7C24DDBD833}.Release|Any CPU.ActiveCfg = Release|Any CPU
		{FB19D973-C006-4832-9354-C7C24DDBD833}.Release|Any CPU.Build.0 = Release|Any CPU
		{FB19D973-C006-4832-9354-C7C24DDBD833}.Release|Mixed Platforms.ActiveCfg = Release|Any CPU
		{FB19D973-C006-4832-9354-C7C24DDBD833}.Release|Mixed Platforms.Build.0 = Release|Any CPU
		{FB19D973-C006-4832-9354-C7C24DDBD833}.Release|Win32.ActiveCfg = Release|Any CPU
		{FB19D973-C006-4832-9354-C7C24DDBD833}.Release|Win32.Build.0 = Release|Any CPU
		{FB19D973-C006-4832-9354-C7C24DDBD833}.Release|x64.ActiveCfg = Release|Any CPU
		{FB19D973-C006-4832-9354-C7C24DDBD833}.Release|x64.Build.0 = Release|Any CPU
		{FB19D973-C006-4832-9354-C7C24DDBD833}.Release|x86.ActiveCfg = Release|Any CPU
		{FB19D973-C006-4832-9354-C7C24DDBD833}.Release|x86.Build.0 = Release|Any CPU
		{636D392A-CF76-4A3B-B748-24A73B0AF7FE}.Debug|Any CPU.ActiveCfg = Debug|Any CPU
		{636D392A-CF76-4A3B-B748-24A73B0AF7FE}.Debug|Any CPU.Build.0 = Debug|Any CPU
		{636D392A-CF76-4A3B-B748-24A73B0AF7FE}.Debug|Mixed Platforms.ActiveCfg = Debug|Any CPU
		{636D392A-CF76-4A3B-B748-24A73B0AF7FE}.Debug|Mixed Platforms.Build.0 = Debug|Any CPU
		{636D392A-CF76-4A3B-B748-24A73B0AF7FE}.Debug|Win32.ActiveCfg = Debug|Any CPU
		{636D392A-CF76-4A3B-B748-24A73B0AF7FE}.Debug|Win32.Build.0 = Debug|Any CPU
		{636D392A-CF76-4A3B-B748-24A73B0AF7FE}.Debug|x64.ActiveCfg = Debug|Any CPU
		{636D392A-CF76-4A3B-B748-24A73B0AF7FE}.Debug|x64.Build.0 = Debug|Any CPU
		{636D392A-CF76-4A3B-B748-24A73B0AF7FE}.Debug|x86.ActiveCfg = Debug|Any CPU
		{636D392A-CF76-4A3B-B748-24A73B0AF7FE}.Debug|x86.Build.0 = Debug|Any CPU
		{636D392A-CF76-4A3B-B748-24A73B0AF7FE}.Platform (Debug)|Any CPU.ActiveCfg = Debug|Any CPU
		{636D392A-CF76-4A3B-B748-24A73B0AF7FE}.Platform (Debug)|Any CPU.Build.0 = Debug|Any CPU
		{636D392A-CF76-4A3B-B748-24A73B0AF7FE}.Platform (Debug)|Mixed Platforms.ActiveCfg = Debug|Any CPU
		{636D392A-CF76-4A3B-B748-24A73B0AF7FE}.Platform (Debug)|Mixed Platforms.Build.0 = Debug|Any CPU
		{636D392A-CF76-4A3B-B748-24A73B0AF7FE}.Platform (Debug)|Win32.ActiveCfg = Debug|Any CPU
		{636D392A-CF76-4A3B-B748-24A73B0AF7FE}.Platform (Debug)|Win32.Build.0 = Debug|Any CPU
		{636D392A-CF76-4A3B-B748-24A73B0AF7FE}.Platform (Debug)|x64.ActiveCfg = Debug|Any CPU
		{636D392A-CF76-4A3B-B748-24A73B0AF7FE}.Platform (Debug)|x64.Build.0 = Debug|Any CPU
		{636D392A-CF76-4A3B-B748-24A73B0AF7FE}.Platform (Debug)|x86.ActiveCfg = Debug|Any CPU
		{636D392A-CF76-4A3B-B748-24A73B0AF7FE}.Platform (Debug)|x86.Build.0 = Debug|Any CPU
		{636D392A-CF76-4A3B-B748-24A73B0AF7FE}.Release|Any CPU.ActiveCfg = Release|Any CPU
		{636D392A-CF76-4A3B-B748-24A73B0AF7FE}.Release|Any CPU.Build.0 = Release|Any CPU
		{636D392A-CF76-4A3B-B748-24A73B0AF7FE}.Release|Mixed Platforms.ActiveCfg = Release|Any CPU
		{636D392A-CF76-4A3B-B748-24A73B0AF7FE}.Release|Mixed Platforms.Build.0 = Release|Any CPU
		{636D392A-CF76-4A3B-B748-24A73B0AF7FE}.Release|Win32.ActiveCfg = Release|Any CPU
		{636D392A-CF76-4A3B-B748-24A73B0AF7FE}.Release|Win32.Build.0 = Release|Any CPU
		{636D392A-CF76-4A3B-B748-24A73B0AF7FE}.Release|x64.ActiveCfg = Release|Any CPU
		{636D392A-CF76-4A3B-B748-24A73B0AF7FE}.Release|x64.Build.0 = Release|Any CPU
		{636D392A-CF76-4A3B-B748-24A73B0AF7FE}.Release|x86.ActiveCfg = Release|Any CPU
		{636D392A-CF76-4A3B-B748-24A73B0AF7FE}.Release|x86.Build.0 = Release|Any CPU
		{B38E0E77-E0A0-4446-9A65-19B21D26FFF9}.Debug|Any CPU.ActiveCfg = Debug|Any CPU
		{B38E0E77-E0A0-4446-9A65-19B21D26FFF9}.Debug|Any CPU.Build.0 = Debug|Any CPU
		{B38E0E77-E0A0-4446-9A65-19B21D26FFF9}.Debug|Mixed Platforms.ActiveCfg = Debug|Any CPU
		{B38E0E77-E0A0-4446-9A65-19B21D26FFF9}.Debug|Mixed Platforms.Build.0 = Debug|Any CPU
		{B38E0E77-E0A0-4446-9A65-19B21D26FFF9}.Debug|Win32.ActiveCfg = Debug|Any CPU
		{B38E0E77-E0A0-4446-9A65-19B21D26FFF9}.Debug|Win32.Build.0 = Debug|Any CPU
		{B38E0E77-E0A0-4446-9A65-19B21D26FFF9}.Debug|x64.ActiveCfg = Debug|Any CPU
		{B38E0E77-E0A0-4446-9A65-19B21D26FFF9}.Debug|x64.Build.0 = Debug|Any CPU
		{B38E0E77-E0A0-4446-9A65-19B21D26FFF9}.Debug|x86.ActiveCfg = Debug|Any CPU
		{B38E0E77-E0A0-4446-9A65-19B21D26FFF9}.Debug|x86.Build.0 = Debug|Any CPU
		{B38E0E77-E0A0-4446-9A65-19B21D26FFF9}.Platform (Debug)|Any CPU.ActiveCfg = Debug|Any CPU
		{B38E0E77-E0A0-4446-9A65-19B21D26FFF9}.Platform (Debug)|Any CPU.Build.0 = Debug|Any CPU
		{B38E0E77-E0A0-4446-9A65-19B21D26FFF9}.Platform (Debug)|Mixed Platforms.ActiveCfg = Debug|Any CPU
		{B38E0E77-E0A0-4446-9A65-19B21D26FFF9}.Platform (Debug)|Mixed Platforms.Build.0 = Debug|Any CPU
		{B38E0E77-E0A0-4446-9A65-19B21D26FFF9}.Platform (Debug)|Win32.ActiveCfg = Debug|Any CPU
		{B38E0E77-E0A0-4446-9A65-19B21D26FFF9}.Platform (Debug)|Win32.Build.0 = Debug|Any CPU
		{B38E0E77-E0A0-4446-9A65-19B21D26FFF9}.Platform (Debug)|x64.ActiveCfg = Debug|Any CPU
		{B38E0E77-E0A0-4446-9A65-19B21D26FFF9}.Platform (Debug)|x64.Build.0 = Debug|Any CPU
		{B38E0E77-E0A0-4446-9A65-19B21D26FFF9}.Platform (Debug)|x86.ActiveCfg = Debug|Any CPU
		{B38E0E77-E0A0-4446-9A65-19B21D26FFF9}.Platform (Debug)|x86.Build.0 = Debug|Any CPU
		{B38E0E77-E0A0-4446-9A65-19B21D26FFF9}.Release|Any CPU.ActiveCfg = Release|Any CPU
		{B38E0E77-E0A0-4446-9A65-19B21D26FFF9}.Release|Any CPU.Build.0 = Release|Any CPU
		{B38E0E77-E0A0-4446-9A65-19B21D26FFF9}.Release|Mixed Platforms.ActiveCfg = Release|Any CPU
		{B38E0E77-E0A0-4446-9A65-19B21D26FFF9}.Release|Mixed Platforms.Build.0 = Release|Any CPU
		{B38E0E77-E0A0-4446-9A65-19B21D26FFF9}.Release|Win32.ActiveCfg = Release|Any CPU
		{B38E0E77-E0A0-4446-9A65-19B21D26FFF9}.Release|Win32.Build.0 = Release|Any CPU
		{B38E0E77-E0A0-4446-9A65-19B21D26FFF9}.Release|x64.ActiveCfg = Release|Any CPU
		{B38E0E77-E0A0-4446-9A65-19B21D26FFF9}.Release|x64.Build.0 = Release|Any CPU
		{B38E0E77-E0A0-4446-9A65-19B21D26FFF9}.Release|x86.ActiveCfg = Release|Any CPU
		{B38E0E77-E0A0-4446-9A65-19B21D26FFF9}.Release|x86.Build.0 = Release|Any CPU
	EndGlobalSection
	GlobalSection(SolutionProperties) = preSolution
		HideSolutionNode = FALSE
	EndGlobalSection
EndGlobal
